
Microsoft Visual Studio Solution File, Format Version 12.00
# Visual Studio Version 16
VisualStudioVersion = 16.0.29102.190
MinimumVisualStudioVersion = 10.0.40219.1
Project("{FAE04EC0-301F-11D3-BF4B-00C04F79EFBC}") = "ChessBoardChallengeSolution", "ChessBoardChallengeSolution\ChessBoardChallengeSolution.csproj", "{D9E51575-D009-4BE7-B410-D7AD9243C85E}"
EndProject
Project("{FAE04EC0-301F-11D3-BF4B-00C04F79EFBC}") = "ConsoleApp1", "ConsoleApp1\ConsoleApp1.csproj", "{5003B1F3-57E0-48B8-86E8-4A0A7C8875E4}"
EndProject
Global
	GlobalSection(SolutionConfigurationPlatforms) = preSolution
		Debug|Any CPU = Debug|Any CPU
		Release|Any CPU = Release|Any CPU
	EndGlobalSection
	GlobalSection(ProjectConfigurationPlatforms) = postSolution
		{D9E51575-D009-4BE7-B410-D7AD9243C85E}.Debug|Any CPU.ActiveCfg = Debug|Any CPU
		{D9E51575-D009-4BE7-B410-D7AD9243C85E}.Debug|Any CPU.Build.0 = Debug|Any CPU
		{D9E51575-D009-4BE7-B410-D7AD9243C85E}.Release|Any CPU.ActiveCfg = Release|Any CPU
		{D9E51575-D009-4BE7-B410-D7AD9243C85E}.Release|Any CPU.Build.0 = Release|Any CPU
		{5003B1F3-57E0-48B8-86E8-4A0A7C8875E4}.Debug|Any CPU.ActiveCfg = Debug|Any CPU
		{5003B1F3-57E0-48B8-86E8-4A0A7C8875E4}.Debug|Any CPU.Build.0 = Debug|Any CPU
		{5003B1F3-57E0-48B8-86E8-4A0A7C8875E4}.Release|Any CPU.ActiveCfg = Release|Any CPU
		{5003B1F3-57E0-48B8-86E8-4A0A7C8875E4}.Release|Any CPU.Build.0 = Release|Any CPU
	EndGlobalSection
	GlobalSection(SolutionProperties) = preSolution
		HideSolutionNode = FALSE
	EndGlobalSection
	GlobalSection(ExtensibilityGlobals) = postSolution
		SolutionGuid = {7F721BCE-FF41-4625-BAFD-3179BA4DE84D}
	EndGlobalSection
EndGlobal
